// !$*UTF8*$!
{
	archiveVersion = 1;
	classes = {
	};
	objectVersion = 56;
	objects = {

/* Begin PBXFileReference section */
		3C8D41DC29527D0A004F0CA4 /* 2.html */ = {isa = PBXFileReference; lastKnownFileType = text.html; path = 2.html; sourceTree = "<group>"; };
		3C8D41DD29527D3A004F0CA4 /* 3.html */ = {isa = PBXFileReference; lastKnownFileType = text.html; path = 3.html; sourceTree = "<group>"; };
		3C8D41DE29527D4D004F0CA4 /* index.html */ = {isa = PBXFileReference; lastKnownFileType = text.html; path = index.html; sourceTree = "<group>"; };
		3CF694C1294D17240058BC49 /* 1.html */ = {isa = PBXFileReference; lastKnownFileType = text.html; path = 1.html; sourceTree = "<group>"; };
/* End PBXFileReference section */

/* Begin PBXGroup section */
		3CF694B9294D135B0058BC49 = {
			isa = PBXGroup;
			children = (
				3C8D41DE29527D4D004F0CA4 /* index.html */,
				3C8D41DD29527D3A004F0CA4 /* 3.html */,
				3C8D41DC29527D0A004F0CA4 /* 2.html */,
				3CF694C1294D17240058BC49 /* 1.html */,
			);
			sourceTree = "<group>";
		};
/* End PBXGroup section */

/* Begin PBXProject section */
		3CF694BA294D135B0058BC49 /* Project object */ = {
			isa = PBXProject;
			attributes = {
				BuildIndependentTargetsInParallel = 1;
				LastUpgradeCheck = 1410;
			};
			buildConfigurationList = 3CF694BD294D135B0058BC49 /* Build configuration list for PBXProject "HTML" */;
			compatibilityVersion = "Xcode 14.0";
			developmentRegion = en;
			hasScannedForEncodings = 0;
			knownRegions = (
				en,
				Base,
			);
			mainGroup = 3CF694B9294D135B0058BC49;
			projectDirPath = "";
			projectRoot = "";
			targets = (
			);
		};
/* End PBXProject section */

/* Begin XCBuildConfiguration section */
		3CF694BE294D135B0058BC49 /* Debug */ = {
			isa = XCBuildConfiguration;
			buildSettings = {
			};
			name = Debug;
		};
		3CF694BF294D135B0058BC49 /* Release */ = {
			isa = XCBuildConfiguration;
			buildSettings = {
			};
			name = Release;
		};
/* End XCBuildConfiguration section */

/* Begin XCConfigurationList section */
		3CF694BD294D135B0058BC49 /* Build configuration list for PBXProject "HTML" */ = {
			isa = XCConfigurationList;
			buildConfigurations = (
				3CF694BE294D135B0058BC49 /* Debug */,
				3CF694BF294D135B0058BC49 /* Release */,
			);
			defaultConfigurationIsVisible = 0;
			defaultConfigurationName = Release;
		};
/* End XCConfigurationList section */
	};
	rootObject = 3CF694BA294D135B0058BC49 /* Project object */;
}
